// !$*UTF8*$!
{
	archiveVersion = 1;
	classes = {
	};
	objectVersion = 56;
	objects = {

/* Begin PBXBuildFile section */
		AD1FFCBE29D1E17200F2E44D /* Extensions.swift in Sources */ = {isa = PBXBuildFile; fileRef = AD1FFCBD29D1E17200F2E44D /* Extensions.swift */; };
		AD23671D2A23BC30009D7272 /* Contact.swift in Sources */ = {isa = PBXBuildFile; fileRef = AD23671C2A23BC30009D7272 /* Contact.swift */; };
		AD23671F2A23BC38009D7272 /* Setting.swift in Sources */ = {isa = PBXBuildFile; fileRef = AD23671E2A23BC38009D7272 /* Setting.swift */; };
		AD2367212A23BC56009D7272 /* Constants.swift in Sources */ = {isa = PBXBuildFile; fileRef = AD2367202A23BC56009D7272 /* Constants.swift */; };
		AD2367232A23BD47009D7272 /* SettingsViewController.swift in Sources */ = {isa = PBXBuildFile; fileRef = AD2367222A23BD47009D7272 /* SettingsViewController.swift */; };
		AD2367252A23BE5C009D7272 /* SettingsViewCell.swift in Sources */ = {isa = PBXBuildFile; fileRef = AD2367242A23BE5C009D7272 /* SettingsViewCell.swift */; };
		AD2367272A23BE6A009D7272 /* ContactsViewCell.swift in Sources */ = {isa = PBXBuildFile; fileRef = AD2367262A23BE6A009D7272 /* ContactsViewCell.swift */; };
		AD23672B2A23BFEF009D7272 /* SettingsViewModel.swift in Sources */ = {isa = PBXBuildFile; fileRef = AD23672A2A23BFEF009D7272 /* SettingsViewModel.swift */; };
		AD4070F429BF4E9500778677 /* WishlistTitleCollectionViewCell.swift in Sources */ = {isa = PBXBuildFile; fileRef = AD4070F329BF4E9500778677 /* WishlistTitleCollectionViewCell.swift */; };
		AD49156A29A7FA1300F33BE7 /* MoonTime-Regular.ttf in Resources */ = {isa = PBXBuildFile; fileRef = AD49156929A7F94E00F33BE7 /* MoonTime-Regular.ttf */; };
		AD4FCE22299D04CC00BCA324 /* Title.swift in Sources */ = {isa = PBXBuildFile; fileRef = AD4FCE21299D04CC00BCA324 /* Title.swift */; };
		AD88647A299B978B00E1940E /* SearchTableViewController.swift in Sources */ = {isa = PBXBuildFile; fileRef = AD886479299B978B00E1940E /* SearchTableViewController.swift */; };
		AD95BD80299A542C0042C63E /* AppDelegate.swift in Sources */ = {isa = PBXBuildFile; fileRef = AD95BD7F299A542C0042C63E /* AppDelegate.swift */; };
		AD95BD82299A542C0042C63E /* SceneDelegate.swift in Sources */ = {isa = PBXBuildFile; fileRef = AD95BD81299A542C0042C63E /* SceneDelegate.swift */; };
		AD95BD87299A542C0042C63E /* Main.storyboard in Resources */ = {isa = PBXBuildFile; fileRef = AD95BD85299A542C0042C63E /* Main.storyboard */; };
		AD95BD8A299A542C0042C63E /* TitleDataModel.xcdatamodeld in Sources */ = {isa = PBXBuildFile; fileRef = AD95BD88299A542C0042C63E /* TitleDataModel.xcdatamodeld */; };
		AD95BD8C299A542C0042C63E /* Assets.xcassets in Resources */ = {isa = PBXBuildFile; fileRef = AD95BD8B299A542C0042C63E /* Assets.xcassets */; };
		AD95BD8F299A542C0042C63E /* LaunchScreen.storyboard in Resources */ = {isa = PBXBuildFile; fileRef = AD95BD8D299A542C0042C63E /* LaunchScreen.storyboard */; };
		AD9C43C029D42B1A0069BED6 /* ObservableObject.swift in Sources */ = {isa = PBXBuildFile; fileRef = AD9C43BF29D42B1A0069BED6 /* ObservableObject.swift */; };
		AD9C43C829D5CACB0069BED6 /* DataPersistenceViewModel.swift in Sources */ = {isa = PBXBuildFile; fileRef = AD9C43C729D5CACB0069BED6 /* DataPersistenceViewModel.swift */; };
		AD9C43CE29D5CBFB0069BED6 /* SearchViewModel.swift in Sources */ = {isa = PBXBuildFile; fileRef = AD9C43CD29D5CBFB0069BED6 /* SearchViewModel.swift */; };
		ADA53F2829B9F29000B39793 /* ViewedTitleCollectionViewCell.swift in Sources */ = {isa = PBXBuildFile; fileRef = ADA53F2629B9F29000B39793 /* ViewedTitleCollectionViewCell.swift */; };
		ADA96CF8299CD9890048F5C3 /* SearchTitleTableViewCell.swift in Sources */ = {isa = PBXBuildFile; fileRef = ADA96CF6299CD9890048F5C3 /* SearchTitleTableViewCell.swift */; };
		ADA96CF9299CD9890048F5C3 /* SearchTitleTableViewCell.xib in Resources */ = {isa = PBXBuildFile; fileRef = ADA96CF7299CD9890048F5C3 /* SearchTitleTableViewCell.xib */; };
		ADAE45F2299BDB0600D27742 /* WishlistTableViewController.swift in Sources */ = {isa = PBXBuildFile; fileRef = ADAE45F1299BDB0600D27742 /* WishlistTableViewController.swift */; };
		ADAE45F4299BDBA800D27742 /* HomeViewController.swift in Sources */ = {isa = PBXBuildFile; fileRef = ADAE45F3299BDBA800D27742 /* HomeViewController.swift */; };
		ADAE45F8299C12EE00D27742 /* NetworkService.swift in Sources */ = {isa = PBXBuildFile; fileRef = ADAE45F7299C12EE00D27742 /* NetworkService.swift */; };
		ADB3E78E29C38B0600A9D67B /* README.md in Resources */ = {isa = PBXBuildFile; fileRef = ADB3E78D29C38B0600A9D67B /* README.md */; };
		ADDCBBAE29ACC41C00277953 /* DetailViewController.swift in Sources */ = {isa = PBXBuildFile; fileRef = ADDCBBAD29ACC41C00277953 /* DetailViewController.swift */; };
		ADFF131D29B7B5CD00A37947 /* DataPersistence.swift in Sources */ = {isa = PBXBuildFile; fileRef = ADFF131C29B7B5CD00A37947 /* DataPersistence.swift */; };
		B67E759064167B64DDE1158A /* Pods_Wish_I_Watch.framework in Frameworks */ = {isa = PBXBuildFile; fileRef = 138447AB9A9489A5B7724375 /* Pods_Wish_I_Watch.framework */; };
/* End PBXBuildFile section */

/* Begin PBXFileReference section */
		138447AB9A9489A5B7724375 /* Pods_Wish_I_Watch.framework */ = {isa = PBXFileReference; explicitFileType = wrapper.framework; includeInIndex = 0; path = Pods_Wish_I_Watch.framework; sourceTree = BUILT_PRODUCTS_DIR; };
		184EF2A017BA68FFB8C24206 /* Pods-Wish-I-Watch.debug.xcconfig */ = {isa = PBXFileReference; includeInIndex = 1; lastKnownFileType = text.xcconfig; name = "Pods-Wish-I-Watch.debug.xcconfig"; path = "Target Support Files/Pods-Wish-I-Watch/Pods-Wish-I-Watch.debug.xcconfig"; sourceTree = "<group>"; };
		924B8F0A08EA591E242A13C6 /* Pods-Wish-I-Watch.release.xcconfig */ = {isa = PBXFileReference; includeInIndex = 1; lastKnownFileType = text.xcconfig; name = "Pods-Wish-I-Watch.release.xcconfig"; path = "Target Support Files/Pods-Wish-I-Watch/Pods-Wish-I-Watch.release.xcconfig"; sourceTree = "<group>"; };
		AD1FFCBD29D1E17200F2E44D /* Extensions.swift */ = {isa = PBXFileReference; lastKnownFileType = sourcecode.swift; path = Extensions.swift; sourceTree = "<group>"; };
		AD23671C2A23BC30009D7272 /* Contact.swift */ = {isa = PBXFileReference; lastKnownFileType = sourcecode.swift; path = Contact.swift; sourceTree = "<group>"; };
		AD23671E2A23BC38009D7272 /* Setting.swift */ = {isa = PBXFileReference; lastKnownFileType = sourcecode.swift; path = Setting.swift; sourceTree = "<group>"; };
		AD2367202A23BC56009D7272 /* Constants.swift */ = {isa = PBXFileReference; lastKnownFileType = sourcecode.swift; path = Constants.swift; sourceTree = "<group>"; };
		AD2367222A23BD47009D7272 /* SettingsViewController.swift */ = {isa = PBXFileReference; lastKnownFileType = sourcecode.swift; path = SettingsViewController.swift; sourceTree = "<group>"; };
		AD2367242A23BE5C009D7272 /* SettingsViewCell.swift */ = {isa = PBXFileReference; lastKnownFileType = sourcecode.swift; path = SettingsViewCell.swift; sourceTree = "<group>"; };
		AD2367262A23BE6A009D7272 /* ContactsViewCell.swift */ = {isa = PBXFileReference; lastKnownFileType = sourcecode.swift; path = ContactsViewCell.swift; sourceTree = "<group>"; };
		AD23672A2A23BFEF009D7272 /* SettingsViewModel.swift */ = {isa = PBXFileReference; lastKnownFileType = sourcecode.swift; path = SettingsViewModel.swift; sourceTree = "<group>"; };
		AD4070F329BF4E9500778677 /* WishlistTitleCollectionViewCell.swift */ = {isa = PBXFileReference; lastKnownFileType = sourcecode.swift; path = WishlistTitleCollectionViewCell.swift; sourceTree = "<group>"; };
		AD49156929A7F94E00F33BE7 /* MoonTime-Regular.ttf */ = {isa = PBXFileReference; lastKnownFileType = file; path = "MoonTime-Regular.ttf"; sourceTree = "<group>"; };
		AD4FCE21299D04CC00BCA324 /* Title.swift */ = {isa = PBXFileReference; lastKnownFileType = sourcecode.swift; path = Title.swift; sourceTree = "<group>"; };
		AD886479299B978B00E1940E /* SearchTableViewController.swift */ = {isa = PBXFileReference; lastKnownFileType = sourcecode.swift; path = SearchTableViewController.swift; sourceTree = "<group>"; };
		AD95BD7C299A542C0042C63E /* Wish-I-Watch.app */ = {isa = PBXFileReference; explicitFileType = wrapper.application; includeInIndex = 0; path = "Wish-I-Watch.app"; sourceTree = BUILT_PRODUCTS_DIR; };
		AD95BD7F299A542C0042C63E /* AppDelegate.swift */ = {isa = PBXFileReference; lastKnownFileType = sourcecode.swift; path = AppDelegate.swift; sourceTree = "<group>"; };
		AD95BD81299A542C0042C63E /* SceneDelegate.swift */ = {isa = PBXFileReference; lastKnownFileType = sourcecode.swift; path = SceneDelegate.swift; sourceTree = "<group>"; };
		AD95BD86299A542C0042C63E /* Base */ = {isa = PBXFileReference; lastKnownFileType = file.storyboard; name = Base; path = Base.lproj/Main.storyboard; sourceTree = "<group>"; };
		AD95BD89299A542C0042C63E /* Wish_I_Watch.xcdatamodel */ = {isa = PBXFileReference; lastKnownFileType = wrapper.xcdatamodel; path = Wish_I_Watch.xcdatamodel; sourceTree = "<group>"; };
		AD95BD8B299A542C0042C63E /* Assets.xcassets */ = {isa = PBXFileReference; lastKnownFileType = folder.assetcatalog; path = Assets.xcassets; sourceTree = "<group>"; };
		AD95BD8E299A542C0042C63E /* Base */ = {isa = PBXFileReference; lastKnownFileType = file.storyboard; name = Base; path = Base.lproj/LaunchScreen.storyboard; sourceTree = "<group>"; };
		AD95BD90299A542C0042C63E /* Info.plist */ = {isa = PBXFileReference; lastKnownFileType = text.plist.xml; path = Info.plist; sourceTree = "<group>"; };
		AD9C43BF29D42B1A0069BED6 /* ObservableObject.swift */ = {isa = PBXFileReference; lastKnownFileType = sourcecode.swift; path = ObservableObject.swift; sourceTree = "<group>"; };
		AD9C43C729D5CACB0069BED6 /* DataPersistenceViewModel.swift */ = {isa = PBXFileReference; lastKnownFileType = sourcecode.swift; path = DataPersistenceViewModel.swift; sourceTree = "<group>"; };
		AD9C43CD29D5CBFB0069BED6 /* SearchViewModel.swift */ = {isa = PBXFileReference; fileEncoding = 4; lastKnownFileType = sourcecode.swift; path = SearchViewModel.swift; sourceTree = "<group>"; };
		ADA53F2629B9F29000B39793 /* ViewedTitleCollectionViewCell.swift */ = {isa = PBXFileReference; lastKnownFileType = sourcecode.swift; path = ViewedTitleCollectionViewCell.swift; sourceTree = "<group>"; };
		ADA96CF6299CD9890048F5C3 /* SearchTitleTableViewCell.swift */ = {isa = PBXFileReference; lastKnownFileType = sourcecode.swift; path = SearchTitleTableViewCell.swift; sourceTree = "<group>"; };
		ADA96CF7299CD9890048F5C3 /* SearchTitleTableViewCell.xib */ = {isa = PBXFileReference; lastKnownFileType = file.xib; path = SearchTitleTableViewCell.xib; sourceTree = "<group>"; };
		ADAE45F1299BDB0600D27742 /* WishlistTableViewController.swift */ = {isa = PBXFileReference; lastKnownFileType = sourcecode.swift; path = WishlistTableViewController.swift; sourceTree = "<group>"; };
		ADAE45F3299BDBA800D27742 /* HomeViewController.swift */ = {isa = PBXFileReference; lastKnownFileType = sourcecode.swift; path = HomeViewController.swift; sourceTree = "<group>"; };
		ADAE45F7299C12EE00D27742 /* NetworkService.swift */ = {isa = PBXFileReference; lastKnownFileType = sourcecode.swift; path = NetworkService.swift; sourceTree = "<group>"; };
		ADB3E78D29C38B0600A9D67B /* README.md */ = {isa = PBXFileReference; fileEncoding = 4; lastKnownFileType = net.daringfireball.markdown; path = README.md; sourceTree = "<group>"; };
		ADDCBBAD29ACC41C00277953 /* DetailViewController.swift */ = {isa = PBXFileReference; lastKnownFileType = sourcecode.swift; path = DetailViewController.swift; sourceTree = "<group>"; };
		ADFF131C29B7B5CD00A37947 /* DataPersistence.swift */ = {isa = PBXFileReference; lastKnownFileType = sourcecode.swift; path = DataPersistence.swift; sourceTree = "<group>"; };
/* End PBXFileReference section */

/* Begin PBXFrameworksBuildPhase section */
		AD95BD79299A542C0042C63E /* Frameworks */ = {
			isa = PBXFrameworksBuildPhase;
			buildActionMask = 2147483647;
			files = (
				B67E759064167B64DDE1158A /* Pods_Wish_I_Watch.framework in Frameworks */,
			);
			runOnlyForDeploymentPostprocessing = 0;
		};
/* End PBXFrameworksBuildPhase section */

/* Begin PBXGroup section */
		958B37AA57CFB6EE046AFC27 /* Pods */ = {
			isa = PBXGroup;
			children = (
				184EF2A017BA68FFB8C24206 /* Pods-Wish-I-Watch.debug.xcconfig */,
				924B8F0A08EA591E242A13C6 /* Pods-Wish-I-Watch.release.xcconfig */,
			);
			path = Pods;
			sourceTree = "<group>";
		};
		AD1FFCBB29D1E14E00F2E44D /* Resources */ = {
			isa = PBXGroup;
			children = (
				AD23671B2A23BC20009D7272 /* Helpers */,
				AD95BD8B299A542C0042C63E /* Assets.xcassets */,
				AD1FFCBC29D1E15800F2E44D /* Extensions */,
			);
			path = Resources;
			sourceTree = "<group>";
		};
		AD1FFCBC29D1E15800F2E44D /* Extensions */ = {
			isa = PBXGroup;
			children = (
				AD1FFCBD29D1E17200F2E44D /* Extensions.swift */,
			);
			path = Extensions;
			sourceTree = "<group>";
		};
		AD23671A2A23BC0B009D7272 /* Settings */ = {
			isa = PBXGroup;
			children = (
				AD2367282A23BFD2009D7272 /* View */,
				AD2367292A23BFD7009D7272 /* ViewModel */,
			);
			path = Settings;
			sourceTree = "<group>";
		};
		AD23671B2A23BC20009D7272 /* Helpers */ = {
			isa = PBXGroup;
			children = (
				AD2367202A23BC56009D7272 /* Constants.swift */,
			);
			path = Helpers;
			sourceTree = "<group>";
		};
		AD2367282A23BFD2009D7272 /* View */ = {
			isa = PBXGroup;
			children = (
				AD2367222A23BD47009D7272 /* SettingsViewController.swift */,
				AD2367242A23BE5C009D7272 /* SettingsViewCell.swift */,
				AD2367262A23BE6A009D7272 /* ContactsViewCell.swift */,
			);
			path = View;
			sourceTree = "<group>";
		};
		AD2367292A23BFD7009D7272 /* ViewModel */ = {
			isa = PBXGroup;
			children = (
				AD23672A2A23BFEF009D7272 /* SettingsViewModel.swift */,
			);
			path = ViewModel;
			sourceTree = "<group>";
		};
		AD95BD73299A542C0042C63E = {
			isa = PBXGroup;
			children = (
				ADB3E78D29C38B0600A9D67B /* README.md */,
				AD49156929A7F94E00F33BE7 /* MoonTime-Regular.ttf */,
				AD95BD7E299A542C0042C63E /* Wish-I-Watch */,
				AD95BD7D299A542C0042C63E /* Products */,
				958B37AA57CFB6EE046AFC27 /* Pods */,
				F5B97C3E4FFD35E3CF7B9E9F /* Frameworks */,
			);
			sourceTree = "<group>";
		};
		AD95BD7D299A542C0042C63E /* Products */ = {
			isa = PBXGroup;
			children = (
				AD95BD7C299A542C0042C63E /* Wish-I-Watch.app */,
			);
			name = Products;
			sourceTree = "<group>";
		};
		AD95BD7E299A542C0042C63E /* Wish-I-Watch */ = {
			isa = PBXGroup;
			children = (
				AD95BD7F299A542C0042C63E /* AppDelegate.swift */,
				AD95BD81299A542C0042C63E /* SceneDelegate.swift */,
				AD9C43C129D44EAA0069BED6 /* Managers */,
				AD95BD97299A54940042C63E /* Model */,
				AD95BD98299A549E0042C63E /* Views */,
				AD9C43C629D5CA900069BED6 /* ViewModel */,
				ADA034EE29D2EADB0027D6BA /* Home */,
				ADA034EF29D2EAE10027D6BA /* Wishlist */,
				ADA034F129D2EB000027D6BA /* Search */,
				ADA034F029D2EAF30027D6BA /* Detail */,
				AD23671A2A23BC0B009D7272 /* Settings */,
				AD1FFCBB29D1E14E00F2E44D /* Resources */,
				AD95BD90299A542C0042C63E /* Info.plist */,
			);
			path = "Wish-I-Watch";
			sourceTree = "<group>";
		};
		AD95BD97299A54940042C63E /* Model */ = {
			isa = PBXGroup;
			children = (
				AD4FCE21299D04CC00BCA324 /* Title.swift */,
				AD23671C2A23BC30009D7272 /* Contact.swift */,
				AD23671E2A23BC38009D7272 /* Setting.swift */,
				AD95BD88299A542C0042C63E /* TitleDataModel.xcdatamodeld */,
			);
			path = Model;
			sourceTree = "<group>";
		};
		AD95BD98299A549E0042C63E /* Views */ = {
			isa = PBXGroup;
			children = (
				AD95BD8D299A542C0042C63E /* LaunchScreen.storyboard */,
				AD95BD85299A542C0042C63E /* Main.storyboard */,
				ADA96CF7299CD9890048F5C3 /* SearchTitleTableViewCell.xib */,
			);
			path = Views;
			sourceTree = "<group>";
		};
		AD9C43C129D44EAA0069BED6 /* Managers */ = {
			isa = PBXGroup;
			children = (
				AD9C43BF29D42B1A0069BED6 /* ObservableObject.swift */,
				ADAE45F7299C12EE00D27742 /* NetworkService.swift */,
				ADFF131C29B7B5CD00A37947 /* DataPersistence.swift */,
			);
			path = Managers;
			sourceTree = "<group>";
		};
		AD9C43C629D5CA900069BED6 /* ViewModel */ = {
			isa = PBXGroup;
			children = (
				AD9C43C729D5CACB0069BED6 /* DataPersistenceViewModel.swift */,
			);
			path = ViewModel;
			sourceTree = "<group>";
		};
		AD9C43CC29D5CBFB0069BED6 /* ViewModel */ = {
			isa = PBXGroup;
			children = (
				AD9C43CD29D5CBFB0069BED6 /* SearchViewModel.swift */,
			);
			path = ViewModel;
			sourceTree = "<group>";
		};
		ADA034EE29D2EADB0027D6BA /* Home */ = {
			isa = PBXGroup;
			children = (
				ADA034F729D2EB710027D6BA /* View */,
			);
			path = Home;
			sourceTree = "<group>";
		};
		ADA034EF29D2EAE10027D6BA /* Wishlist */ = {
			isa = PBXGroup;
			children = (
				ADA034F429D2EB5F0027D6BA /* View */,
			);
			path = Wishlist;
			sourceTree = "<group>";
		};
		ADA034F029D2EAF30027D6BA /* Detail */ = {
			isa = PBXGroup;
			children = (
				ADA034F229D2EB510027D6BA /* View */,
			);
			path = Detail;
			sourceTree = "<group>";
		};
		ADA034F129D2EB000027D6BA /* Search */ = {
			isa = PBXGroup;
			children = (
				ADA034F929D2EB850027D6BA /* View */,
				AD9C43CC29D5CBFB0069BED6 /* ViewModel */,
			);
			path = Search;
			sourceTree = "<group>";
		};
		ADA034F229D2EB510027D6BA /* View */ = {
			isa = PBXGroup;
			children = (
				ADDCBBAD29ACC41C00277953 /* DetailViewController.swift */,
			);
			path = View;
			sourceTree = "<group>";
		};
		ADA034F429D2EB5F0027D6BA /* View */ = {
			isa = PBXGroup;
			children = (
				ADAE45F1299BDB0600D27742 /* WishlistTableViewController.swift */,
				AD4070F329BF4E9500778677 /* WishlistTitleCollectionViewCell.swift */,
			);
			path = View;
			sourceTree = "<group>";
		};
		ADA034F729D2EB710027D6BA /* View */ = {
			isa = PBXGroup;
			children = (
				ADAE45F3299BDBA800D27742 /* HomeViewController.swift */,
				ADA53F2629B9F29000B39793 /* ViewedTitleCollectionViewCell.swift */,
			);
			path = View;
			sourceTree = "<group>";
		};
		ADA034F929D2EB850027D6BA /* View */ = {
			isa = PBXGroup;
			children = (
				AD886479299B978B00E1940E /* SearchTableViewController.swift */,
				ADA96CF6299CD9890048F5C3 /* SearchTitleTableViewCell.swift */,
			);
			path = View;
			sourceTree = "<group>";
		};
		F5B97C3E4FFD35E3CF7B9E9F /* Frameworks */ = {
			isa = PBXGroup;
			children = (
				138447AB9A9489A5B7724375 /* Pods_Wish_I_Watch.framework */,
			);
			name = Frameworks;
			sourceTree = "<group>";
		};
/* End PBXGroup section */

/* Begin PBXNativeTarget section */
		AD95BD7B299A542C0042C63E /* Wish-I-Watch */ = {
			isa = PBXNativeTarget;
			buildConfigurationList = AD95BD93299A542C0042C63E /* Build configuration list for PBXNativeTarget "Wish-I-Watch" */;
			buildPhases = (
				4F3277A2754A66B8453B2BF9 /* [CP] Check Pods Manifest.lock */,
				AD95BD78299A542C0042C63E /* Sources */,
				AD95BD79299A542C0042C63E /* Frameworks */,
				AD95BD7A299A542C0042C63E /* Resources */,
				161421233684671EB2BBCB1C /* [CP] Embed Pods Frameworks */,
			);
			buildRules = (
			);
			dependencies = (
			);
			name = "Wish-I-Watch";
			productName = "Wish-I-Watch";
			productReference = AD95BD7C299A542C0042C63E /* Wish-I-Watch.app */;
			productType = "com.apple.product-type.application";
		};
/* End PBXNativeTarget section */

/* Begin PBXProject section */
		AD95BD74299A542C0042C63E /* Project object */ = {
			isa = PBXProject;
			attributes = {
				BuildIndependentTargetsInParallel = 1;
				LastSwiftUpdateCheck = 1420;
				LastUpgradeCheck = 1420;
				TargetAttributes = {
					AD95BD7B299A542C0042C63E = {
						CreatedOnToolsVersion = 14.2;
					};
				};
			};
			buildConfigurationList = AD95BD77299A542C0042C63E /* Build configuration list for PBXProject "Wish-I-Watch" */;
			compatibilityVersion = "Xcode 14.0";
			developmentRegion = en;
			hasScannedForEncodings = 0;
			knownRegions = (
				en,
				Base,
			);
			mainGroup = AD95BD73299A542C0042C63E;
			productRefGroup = AD95BD7D299A542C0042C63E /* Products */;
			projectDirPath = "";
			projectRoot = "";
			targets = (
				AD95BD7B299A542C0042C63E /* Wish-I-Watch */,
			);
		};
/* End PBXProject section */

/* Begin PBXResourcesBuildPhase section */
		AD95BD7A299A542C0042C63E /* Resources */ = {
			isa = PBXResourcesBuildPhase;
			buildActionMask = 2147483647;
			files = (
				ADB3E78E29C38B0600A9D67B /* README.md in Resources */,
				AD95BD8F299A542C0042C63E /* LaunchScreen.storyboard in Resources */,
				AD95BD8C299A542C0042C63E /* Assets.xcassets in Resources */,
				AD49156A29A7FA1300F33BE7 /* MoonTime-Regular.ttf in Resources */,
				AD95BD87299A542C0042C63E /* Main.storyboard in Resources */,
				ADA96CF9299CD9890048F5C3 /* SearchTitleTableViewCell.xib in Resources */,
			);
			runOnlyForDeploymentPostprocessing = 0;
		};
/* End PBXResourcesBuildPhase section */

/* Begin PBXShellScriptBuildPhase section */
		161421233684671EB2BBCB1C /* [CP] Embed Pods Frameworks */ = {
			isa = PBXShellScriptBuildPhase;
			buildActionMask = 2147483647;
			files = (
			);
			inputFileListPaths = (
				"${PODS_ROOT}/Target Support Files/Pods-Wish-I-Watch/Pods-Wish-I-Watch-frameworks-${CONFIGURATION}-input-files.xcfilelist",
			);
			name = "[CP] Embed Pods Frameworks";
			outputFileListPaths = (
				"${PODS_ROOT}/Target Support Files/Pods-Wish-I-Watch/Pods-Wish-I-Watch-frameworks-${CONFIGURATION}-output-files.xcfilelist",
			);
			runOnlyForDeploymentPostprocessing = 0;
			shellPath = /bin/sh;
			shellScript = "\"${PODS_ROOT}/Target Support Files/Pods-Wish-I-Watch/Pods-Wish-I-Watch-frameworks.sh\"\n";
			showEnvVarsInLog = 0;
		};
		4F3277A2754A66B8453B2BF9 /* [CP] Check Pods Manifest.lock */ = {
			isa = PBXShellScriptBuildPhase;
			buildActionMask = 2147483647;
			files = (
			);
			inputFileListPaths = (
			);
			inputPaths = (
				"${PODS_PODFILE_DIR_PATH}/Podfile.lock",
				"${PODS_ROOT}/Manifest.lock",
			);
			name = "[CP] Check Pods Manifest.lock";
			outputFileListPaths = (
			);
			outputPaths = (
				"$(DERIVED_FILE_DIR)/Pods-Wish-I-Watch-checkManifestLockResult.txt",
			);
			runOnlyForDeploymentPostprocessing = 0;
			shellPath = /bin/sh;
			shellScript = "diff \"${PODS_PODFILE_DIR_PATH}/Podfile.lock\" \"${PODS_ROOT}/Manifest.lock\" > /dev/null\nif [ $? != 0 ] ; then\n    # print error to STDERR\n    echo \"error: The sandbox is not in sync with the Podfile.lock. Run 'pod install' or update your CocoaPods installation.\" >&2\n    exit 1\nfi\n# This output is used by Xcode 'outputs' to avoid re-running this script phase.\necho \"SUCCESS\" > \"${SCRIPT_OUTPUT_FILE_0}\"\n";
			showEnvVarsInLog = 0;
		};
/* End PBXShellScriptBuildPhase section */

/* Begin PBXSourcesBuildPhase section */
		AD95BD78299A542C0042C63E /* Sources */ = {
			isa = PBXSourcesBuildPhase;
			buildActionMask = 2147483647;
			files = (
				AD4070F429BF4E9500778677 /* WishlistTitleCollectionViewCell.swift in Sources */,
				AD23671D2A23BC30009D7272 /* Contact.swift in Sources */,
				ADA53F2829B9F29000B39793 /* ViewedTitleCollectionViewCell.swift in Sources */,
				AD9C43C029D42B1A0069BED6 /* ObservableObject.swift in Sources */,
				ADDCBBAE29ACC41C00277953 /* DetailViewController.swift in Sources */,
				ADAE45F8299C12EE00D27742 /* NetworkService.swift in Sources */,
				ADFF131D29B7B5CD00A37947 /* DataPersistence.swift in Sources */,
				AD9C43CE29D5CBFB0069BED6 /* SearchViewModel.swift in Sources */,
				AD95BD80299A542C0042C63E /* AppDelegate.swift in Sources */,
				AD88647A299B978B00E1940E /* SearchTableViewController.swift in Sources */,
				AD23672B2A23BFEF009D7272 /* SettingsViewModel.swift in Sources */,
				AD23671F2A23BC38009D7272 /* Setting.swift in Sources */,
				AD2367272A23BE6A009D7272 /* ContactsViewCell.swift in Sources */,
				AD2367212A23BC56009D7272 /* Constants.swift in Sources */,
				AD4FCE22299D04CC00BCA324 /* Title.swift in Sources */,
				AD2367232A23BD47009D7272 /* SettingsViewController.swift in Sources */,
				AD95BD8A299A542C0042C63E /* TitleDataModel.xcdatamodeld in Sources */,
				AD1FFCBE29D1E17200F2E44D /* Extensions.swift in Sources */,
				AD2367252A23BE5C009D7272 /* SettingsViewCell.swift in Sources */,
				ADAE45F2299BDB0600D27742 /* WishlistTableViewController.swift in Sources */,
				AD9C43C829D5CACB0069BED6 /* DataPersistenceViewModel.swift in Sources */,
				ADA96CF8299CD9890048F5C3 /* SearchTitleTableViewCell.swift in Sources */,
				ADAE45F4299BDBA800D27742 /* HomeViewController.swift in Sources */,
				AD95BD82299A542C0042C63E /* SceneDelegate.swift in Sources */,
			);
			runOnlyForDeploymentPostprocessing = 0;
		};
/* End PBXSourcesBuildPhase section */

/* Begin PBXVariantGroup section */
		AD95BD85299A542C0042C63E /* Main.storyboard */ = {
			isa = PBXVariantGroup;
			children = (
				AD95BD86299A542C0042C63E /* Base */,
			);
			name = Main.storyboard;
			sourceTree = "<group>";
		};
		AD95BD8D299A542C0042C63E /* LaunchScreen.storyboard */ = {
			isa = PBXVariantGroup;
			children = (
				AD95BD8E299A542C0042C63E /* Base */,
			);
			name = LaunchScreen.storyboard;
			sourceTree = "<group>";
		};
/* End PBXVariantGroup section */

/* Begin XCBuildConfiguration section */
		AD95BD91299A542C0042C63E /* Debug */ = {
			isa = XCBuildConfiguration;
			buildSettings = {
				ALWAYS_SEARCH_USER_PATHS = NO;
				CLANG_ANALYZER_NONNULL = YES;
				CLANG_ANALYZER_NUMBER_OBJECT_CONVERSION = YES_AGGRESSIVE;
				CLANG_CXX_LANGUAGE_STANDARD = "gnu++20";
				CLANG_ENABLE_MODULES = YES;
				CLANG_ENABLE_OBJC_ARC = YES;
				CLANG_ENABLE_OBJC_WEAK = YES;
				CLANG_WARN_BLOCK_CAPTURE_AUTORELEASING = YES;
				CLANG_WARN_BOOL_CONVERSION = YES;
				CLANG_WARN_COMMA = YES;
				CLANG_WARN_CONSTANT_CONVERSION = YES;
				CLANG_WARN_DEPRECATED_OBJC_IMPLEMENTATIONS = YES;
				CLANG_WARN_DIRECT_OBJC_ISA_USAGE = YES_ERROR;
				CLANG_WARN_DOCUMENTATION_COMMENTS = YES;
				CLANG_WARN_EMPTY_BODY = YES;
				CLANG_WARN_ENUM_CONVERSION = YES;
				CLANG_WARN_INFINITE_RECURSION = YES;
				CLANG_WARN_INT_CONVERSION = YES;
				CLANG_WARN_NON_LITERAL_NULL_CONVERSION = YES;
				CLANG_WARN_OBJC_IMPLICIT_RETAIN_SELF = YES;
				CLANG_WARN_OBJC_LITERAL_CONVERSION = YES;
				CLANG_WARN_OBJC_ROOT_CLASS = YES_ERROR;
				CLANG_WARN_QUOTED_INCLUDE_IN_FRAMEWORK_HEADER = YES;
				CLANG_WARN_RANGE_LOOP_ANALYSIS = YES;
				CLANG_WARN_STRICT_PROTOTYPES = YES;
				CLANG_WARN_SUSPICIOUS_MOVE = YES;
				CLANG_WARN_UNGUARDED_AVAILABILITY = YES_AGGRESSIVE;
				CLANG_WARN_UNREACHABLE_CODE = YES;
				CLANG_WARN__DUPLICATE_METHOD_MATCH = YES;
				COPY_PHASE_STRIP = NO;
				DEBUG_INFORMATION_FORMAT = dwarf;
				ENABLE_STRICT_OBJC_MSGSEND = YES;
				ENABLE_TESTABILITY = YES;
				GCC_C_LANGUAGE_STANDARD = gnu11;
				GCC_DYNAMIC_NO_PIC = NO;
				GCC_NO_COMMON_BLOCKS = YES;
				GCC_OPTIMIZATION_LEVEL = 0;
				GCC_PREPROCESSOR_DEFINITIONS = (
					"DEBUG=1",
					"$(inherited)",
				);
				GCC_WARN_64_TO_32_BIT_CONVERSION = YES;
				GCC_WARN_ABOUT_RETURN_TYPE = YES_ERROR;
				GCC_WARN_UNDECLARED_SELECTOR = YES;
				GCC_WARN_UNINITIALIZED_AUTOS = YES_AGGRESSIVE;
				GCC_WARN_UNUSED_FUNCTION = YES;
				GCC_WARN_UNUSED_VARIABLE = YES;
				IPHONEOS_DEPLOYMENT_TARGET = 15.0;
				MTL_ENABLE_DEBUG_INFO = INCLUDE_SOURCE;
				MTL_FAST_MATH = YES;
				ONLY_ACTIVE_ARCH = YES;
				SDKROOT = iphoneos;
				SWIFT_ACTIVE_COMPILATION_CONDITIONS = DEBUG;
				SWIFT_OPTIMIZATION_LEVEL = "-Onone";
			};
			name = Debug;
		};
		AD95BD92299A542C0042C63E /* Release */ = {
			isa = XCBuildConfiguration;
			buildSettings = {
				ALWAYS_SEARCH_USER_PATHS = NO;
				CLANG_ANALYZER_NONNULL = YES;
				CLANG_ANALYZER_NUMBER_OBJECT_CONVERSION = YES_AGGRESSIVE;
				CLANG_CXX_LANGUAGE_STANDARD = "gnu++20";
				CLANG_ENABLE_MODULES = YES;
				CLANG_ENABLE_OBJC_ARC = YES;
				CLANG_ENABLE_OBJC_WEAK = YES;
				CLANG_WARN_BLOCK_CAPTURE_AUTORELEASING = YES;
				CLANG_WARN_BOOL_CONVERSION = YES;
				CLANG_WARN_COMMA = YES;
				CLANG_WARN_CONSTANT_CONVERSION = YES;
				CLANG_WARN_DEPRECATED_OBJC_IMPLEMENTATIONS = YES;
				CLANG_WARN_DIRECT_OBJC_ISA_USAGE = YES_ERROR;
				CLANG_WARN_DOCUMENTATION_COMMENTS = YES;
				CLANG_WARN_EMPTY_BODY = YES;
				CLANG_WARN_ENUM_CONVERSION = YES;
				CLANG_WARN_INFINITE_RECURSION = YES;
				CLANG_WARN_INT_CONVERSION = YES;
				CLANG_WARN_NON_LITERAL_NULL_CONVERSION = YES;
				CLANG_WARN_OBJC_IMPLICIT_RETAIN_SELF = YES;
				CLANG_WARN_OBJC_LITERAL_CONVERSION = YES;
				CLANG_WARN_OBJC_ROOT_CLASS = YES_ERROR;
				CLANG_WARN_QUOTED_INCLUDE_IN_FRAMEWORK_HEADER = YES;
				CLANG_WARN_RANGE_LOOP_ANALYSIS = YES;
				CLANG_WARN_STRICT_PROTOTYPES = YES;
				CLANG_WARN_SUSPICIOUS_MOVE = YES;
				CLANG_WARN_UNGUARDED_AVAILABILITY = YES_AGGRESSIVE;
				CLANG_WARN_UNREACHABLE_CODE = YES;
				CLANG_WARN__DUPLICATE_METHOD_MATCH = YES;
				COPY_PHASE_STRIP = NO;
				DEBUG_INFORMATION_FORMAT = "dwarf-with-dsym";
				ENABLE_NS_ASSERTIONS = NO;
				ENABLE_STRICT_OBJC_MSGSEND = YES;
				GCC_C_LANGUAGE_STANDARD = gnu11;
				GCC_NO_COMMON_BLOCKS = YES;
				GCC_WARN_64_TO_32_BIT_CONVERSION = YES;
				GCC_WARN_ABOUT_RETURN_TYPE = YES_ERROR;
				GCC_WARN_UNDECLARED_SELECTOR = YES;
				GCC_WARN_UNINITIALIZED_AUTOS = YES_AGGRESSIVE;
				GCC_WARN_UNUSED_FUNCTION = YES;
				GCC_WARN_UNUSED_VARIABLE = YES;
				IPHONEOS_DEPLOYMENT_TARGET = 15.0;
				MTL_ENABLE_DEBUG_INFO = NO;
				MTL_FAST_MATH = YES;
				SDKROOT = iphoneos;
				SWIFT_COMPILATION_MODE = wholemodule;
				SWIFT_OPTIMIZATION_LEVEL = "-O";
				VALIDATE_PRODUCT = YES;
			};
			name = Release;
		};
		AD95BD94299A542C0042C63E /* Debug */ = {
			isa = XCBuildConfiguration;
			baseConfigurationReference = 184EF2A017BA68FFB8C24206 /* Pods-Wish-I-Watch.debug.xcconfig */;
			buildSettings = {
				ASSETCATALOG_COMPILER_APPICON_NAME = AppIcon;
				ASSETCATALOG_COMPILER_GLOBAL_ACCENT_COLOR_NAME = AccentColor;
				CODE_SIGN_STYLE = Automatic;
				CURRENT_PROJECT_VERSION = 1;
				DEVELOPMENT_TEAM = UJ8245Z3MQ;
				GENERATE_INFOPLIST_FILE = YES;
				INFOPLIST_FILE = "Wish-I-Watch/Info.plist";
				INFOPLIST_KEY_LSApplicationCategoryType = "public.app-category.entertainment";
				INFOPLIST_KEY_UIApplicationSupportsIndirectInputEvents = YES;
				INFOPLIST_KEY_UILaunchStoryboardName = LaunchScreen.storyboard;
				INFOPLIST_KEY_UIMainStoryboardFile = Main;
				INFOPLIST_KEY_UISupportedInterfaceOrientations = "UIInterfaceOrientationLandscapeLeft UIInterfaceOrientationLandscapeRight UIInterfaceOrientationPortrait";
				INFOPLIST_KEY_UISupportedInterfaceOrientations_iPad = "UIInterfaceOrientationPortrait UIInterfaceOrientationPortraitUpsideDown";
				IPHONEOS_DEPLOYMENT_TARGET = 15.0;
				LD_RUNPATH_SEARCH_PATHS = (
					"$(inherited)",
					"@executable_path/Frameworks",
				);
				MARKETING_VERSION = 1.0;
				PRODUCT_BUNDLE_IDENTIFIER = "com.anthonydev.Wish-I-Watch";
				PRODUCT_NAME = "$(TARGET_NAME)";
				SWIFT_EMIT_LOC_STRINGS = YES;
				SWIFT_VERSION = 5.0;
				TARGETED_DEVICE_FAMILY = "1,2";
			};
			name = Debug;
		};
		AD95BD95299A542C0042C63E /* Release */ = {
			isa = XCBuildConfiguration;
			baseConfigurationReference = 924B8F0A08EA591E242A13C6 /* Pods-Wish-I-Watch.release.xcconfig */;
			buildSettings = {
				ASSETCATALOG_COMPILER_APPICON_NAME = AppIcon;
				ASSETCATALOG_COMPILER_GLOBAL_ACCENT_COLOR_NAME = AccentColor;
				CODE_SIGN_STYLE = Automatic;
				CURRENT_PROJECT_VERSION = 1;
				DEVELOPMENT_TEAM = UJ8245Z3MQ;
				GENERATE_INFOPLIST_FILE = YES;
				INFOPLIST_FILE = "Wish-I-Watch/Info.plist";
				INFOPLIST_KEY_LSApplicationCategoryType = "public.app-category.entertainment";
				INFOPLIST_KEY_UIApplicationSupportsIndirectInputEvents = YES;
				INFOPLIST_KEY_UILaunchStoryboardName = LaunchScreen.storyboard;
				INFOPLIST_KEY_UIMainStoryboardFile = Main;
				INFOPLIST_KEY_UISupportedInterfaceOrientations = "UIInterfaceOrientationLandscapeLeft UIInterfaceOrientationLandscapeRight UIInterfaceOrientationPortrait";
				INFOPLIST_KEY_UISupportedInterfaceOrientations_iPad = "UIInterfaceOrientationPortrait UIInterfaceOrientationPortraitUpsideDown";
				IPHONEOS_DEPLOYMENT_TARGET = 15.0;
				LD_RUNPATH_SEARCH_PATHS = (
					"$(inherited)",
					"@executable_path/Frameworks",
				);
				MARKETING_VERSION = 1.0;
				PRODUCT_BUNDLE_IDENTIFIER = "com.anthonydev.Wish-I-Watch";
				PRODUCT_NAME = "$(TARGET_NAME)";
				SWIFT_EMIT_LOC_STRINGS = YES;
				SWIFT_VERSION = 5.0;
				TARGETED_DEVICE_FAMILY = "1,2";
			};
			name = Release;
		};
/* End XCBuildConfiguration section */

/* Begin XCConfigurationList section */
		AD95BD77299A542C0042C63E /* Build configuration list for PBXProject "Wish-I-Watch" */ = {
			isa = XCConfigurationList;
			buildConfigurations = (
				AD95BD91299A542C0042C63E /* Debug */,
				AD95BD92299A542C0042C63E /* Release */,
			);
			defaultConfigurationIsVisible = 0;
			defaultConfigurationName = Release;
		};
		AD95BD93299A542C0042C63E /* Build configuration list for PBXNativeTarget "Wish-I-Watch" */ = {
			isa = XCConfigurationList;
			buildConfigurations = (
				AD95BD94299A542C0042C63E /* Debug */,
				AD95BD95299A542C0042C63E /* Release */,
			);
			defaultConfigurationIsVisible = 0;
			defaultConfigurationName = Release;
		};
/* End XCConfigurationList section */

/* Begin XCVersionGroup section */
		AD95BD88299A542C0042C63E /* TitleDataModel.xcdatamodeld */ = {
			isa = XCVersionGroup;
			children = (
				AD95BD89299A542C0042C63E /* Wish_I_Watch.xcdatamodel */,
			);
			currentVersion = AD95BD89299A542C0042C63E /* Wish_I_Watch.xcdatamodel */;
			path = TitleDataModel.xcdatamodeld;
			sourceTree = "<group>";
			versionGroupType = wrapper.xcdatamodel;
		};
/* End XCVersionGroup section */
	};
	rootObject = AD95BD74299A542C0042C63E /* Project object */;
}
