PODS:
  - CLTypingLabel (0.4.0)
  - ViewAnimator (3.1.0)

DEPENDENCIES:
  - CLTypingLabel
  - ViewAnimator

SPEC REPOS:
  trunk:
    - CLTypingLabel
    - ViewAnimator

SPEC CHECKSUMS:
  CLTypingLabel: 95a7d1faf7e3d1d952cd11cb0491d17d80c50934
  ViewAnimator: a9ceed80266e00fd435ec4fb99b2df64d580d0e4

PODFILE CHECKSUM: 684746d6679e2153da48e658bef598b851857f72

COCOAPODS: 1.12.0
